
Microsoft Visual Studio Solution File, Format Version 12.00
# Visual Studio Version 17
VisualStudioVersion = 17.2.32526.322
MinimumVisualStudioVersion = 10.0.40219.1
Project("{9A19103F-16F7-4668-BE54-9A1E7A4F7556}") = "Sat.Recruitment.Api", "Sat.Recruitment.Api\Sat.Recruitment.Api.csproj", "{1F342EA2-E7B1-4E53-AB93-9C62288D3FB0}"
EndProject
Project("{9A19103F-16F7-4668-BE54-9A1E7A4F7556}") = "Sat.Recruitment.Test", "Sat.Recruitment.Test\Sat.Recruitment.Test.csproj", "{42E696E9-2672-4B91-AD96-353A69F7219C}"
EndProject
Project("{2150E333-8FDC-42A3-9474-1A3956D46DE8}") = "Sat.Recruitment.Src", "Sat.Recruitment.Src", "{22A6B14A-AD29-4E2D-8078-1CBFCC728C45}"
EndProject
Project("{2150E333-8FDC-42A3-9474-1A3956D46DE8}") = "Users", "Users", "{01B67BEA-6969-4911-BB31-E3B98F47E7A4}"
EndProject
Project("{9A19103F-16F7-4668-BE54-9A1E7A4F7556}") = "Users.Application", "Sat.Recruitment.Src\Users\Users.Application\Users.Application.csproj", "{C257FDC0-5314-49E8-A6F7-7763FC9E66E5}"
EndProject
Project("{9A19103F-16F7-4668-BE54-9A1E7A4F7556}") = "Users.Domain", "Sat.Recruitment.Src\Users\Users.Domain\Users.Domain.csproj", "{2AC4048D-D9CA-4475-BFC7-D091420556DD}"
EndProject
Project("{9A19103F-16F7-4668-BE54-9A1E7A4F7556}") = "Users.infrastructure", "Sat.Recruitment.Src\Users\Users.infrastructure\Users.infrastructure.csproj", "{DDDDB2F8-1A06-42DE-863D-29E28369A921}"
EndProject
Project("{FAE04EC0-301F-11D3-BF4B-00C04F79EFBC}") = "Shared.Domain", "Sat.Recruitment.Src\Shared\Shared.Domain\Shared.Domain.csproj", "{3D9DAC39-D580-4EED-9C59-D57CFAFD8215}"
EndProject
Project("{FAE04EC0-301F-11D3-BF4B-00C04F79EFBC}") = "Users.UnitTest", "Sat.Recruitment.Src\Users\Users.UnitTest\Users.UnitTest.csproj", "{DAA7B940-4424-4A81-8000-47C3E1986DA2}"
EndProject
Project("{2150E333-8FDC-42A3-9474-1A3956D46DE8}") = "Shared", "Shared", "{8F76274B-E8E1-41FD-A0E6-99AD009F7ABC}"
EndProject
Global
	GlobalSection(SolutionConfigurationPlatforms) = preSolution
		Debug|Any CPU = Debug|Any CPU
		Release|Any CPU = Release|Any CPU
	EndGlobalSection
	GlobalSection(ProjectConfigurationPlatforms) = postSolution
		{1F342EA2-E7B1-4E53-AB93-9C62288D3FB0}.Debug|Any CPU.ActiveCfg = Debug|Any CPU
		{1F342EA2-E7B1-4E53-AB93-9C62288D3FB0}.Debug|Any CPU.Build.0 = Debug|Any CPU
		{1F342EA2-E7B1-4E53-AB93-9C62288D3FB0}.Release|Any CPU.ActiveCfg = Release|Any CPU
		{1F342EA2-E7B1-4E53-AB93-9C62288D3FB0}.Release|Any CPU.Build.0 = Release|Any CPU
		{42E696E9-2672-4B91-AD96-353A69F7219C}.Debug|Any CPU.ActiveCfg = Debug|Any CPU
		{42E696E9-2672-4B91-AD96-353A69F7219C}.Debug|Any CPU.Build.0 = Debug|Any CPU
		{42E696E9-2672-4B91-AD96-353A69F7219C}.Release|Any CPU.ActiveCfg = Release|Any CPU
		{42E696E9-2672-4B91-AD96-353A69F7219C}.Release|Any CPU.Build.0 = Release|Any CPU
		{C257FDC0-5314-49E8-A6F7-7763FC9E66E5}.Debug|Any CPU.ActiveCfg = Debug|Any CPU
		{C257FDC0-5314-49E8-A6F7-7763FC9E66E5}.Debug|Any CPU.Build.0 = Debug|Any CPU
		{C257FDC0-5314-49E8-A6F7-7763FC9E66E5}.Release|Any CPU.ActiveCfg = Release|Any CPU
		{C257FDC0-5314-49E8-A6F7-7763FC9E66E5}.Release|Any CPU.Build.0 = Release|Any CPU
		{2AC4048D-D9CA-4475-BFC7-D091420556DD}.Debug|Any CPU.ActiveCfg = Debug|Any CPU
		{2AC4048D-D9CA-4475-BFC7-D091420556DD}.Debug|Any CPU.Build.0 = Debug|Any CPU
		{2AC4048D-D9CA-4475-BFC7-D091420556DD}.Release|Any CPU.ActiveCfg = Release|Any CPU
		{2AC4048D-D9CA-4475-BFC7-D091420556DD}.Release|Any CPU.Build.0 = Release|Any CPU
		{DDDDB2F8-1A06-42DE-863D-29E28369A921}.Debug|Any CPU.ActiveCfg = Debug|Any CPU
		{DDDDB2F8-1A06-42DE-863D-29E28369A921}.Debug|Any CPU.Build.0 = Debug|Any CPU
		{DDDDB2F8-1A06-42DE-863D-29E28369A921}.Release|Any CPU.ActiveCfg = Release|Any CPU
		{DDDDB2F8-1A06-42DE-863D-29E28369A921}.Release|Any CPU.Build.0 = Release|Any CPU
		{3D9DAC39-D580-4EED-9C59-D57CFAFD8215}.Debug|Any CPU.ActiveCfg = Debug|Any CPU
		{3D9DAC39-D580-4EED-9C59-D57CFAFD8215}.Debug|Any CPU.Build.0 = Debug|Any CPU
		{3D9DAC39-D580-4EED-9C59-D57CFAFD8215}.Release|Any CPU.ActiveCfg = Release|Any CPU
		{3D9DAC39-D580-4EED-9C59-D57CFAFD8215}.Release|Any CPU.Build.0 = Release|Any CPU
		{DAA7B940-4424-4A81-8000-47C3E1986DA2}.Debug|Any CPU.ActiveCfg = Debug|Any CPU
		{DAA7B940-4424-4A81-8000-47C3E1986DA2}.Debug|Any CPU.Build.0 = Debug|Any CPU
		{DAA7B940-4424-4A81-8000-47C3E1986DA2}.Release|Any CPU.ActiveCfg = Release|Any CPU
		{DAA7B940-4424-4A81-8000-47C3E1986DA2}.Release|Any CPU.Build.0 = Release|Any CPU
	EndGlobalSection
	GlobalSection(SolutionProperties) = preSolution
		HideSolutionNode = FALSE
	EndGlobalSection
	GlobalSection(NestedProjects) = preSolution
		{01B67BEA-6969-4911-BB31-E3B98F47E7A4} = {22A6B14A-AD29-4E2D-8078-1CBFCC728C45}
		{C257FDC0-5314-49E8-A6F7-7763FC9E66E5} = {01B67BEA-6969-4911-BB31-E3B98F47E7A4}
		{2AC4048D-D9CA-4475-BFC7-D091420556DD} = {01B67BEA-6969-4911-BB31-E3B98F47E7A4}
		{DDDDB2F8-1A06-42DE-863D-29E28369A921} = {01B67BEA-6969-4911-BB31-E3B98F47E7A4}
		{3D9DAC39-D580-4EED-9C59-D57CFAFD8215} = {8F76274B-E8E1-41FD-A0E6-99AD009F7ABC}
		{DAA7B940-4424-4A81-8000-47C3E1986DA2} = {01B67BEA-6969-4911-BB31-E3B98F47E7A4}
		{8F76274B-E8E1-41FD-A0E6-99AD009F7ABC} = {22A6B14A-AD29-4E2D-8078-1CBFCC728C45}
	EndGlobalSection
	GlobalSection(ExtensibilityGlobals) = postSolution
		SolutionGuid = {A2A05765-05B9-484D-8D3D-506849EB716F}
	EndGlobalSection
EndGlobal
