
Microsoft Visual Studio Solution File, Format Version 12.00
# Visual Studio Version 16
VisualStudioVersion = 25.0.1705.0
MinimumVisualStudioVersion = 10.0.40219.1
Project("{FAE04EC0-301F-11D3-BF4B-00C04F79EFBC}") = "Sat.Recruitment.Api", "Sat.Recruitment.Api\Sat.Recruitment.Api.csproj", "{534AA2B8-0CFF-4837-B889-E15D56B3DBC1}"
EndProject
Project("{FAE04EC0-301F-11D3-BF4B-00C04F79EFBC}") = "Sat.Recruitment.Test", "Sat.Recruitment.Test\Sat.Recruitment.Test.csproj", "{D06BE337-33A8-439B-8C40-9469A36B78B3}"
EndProject
Global
	GlobalSection(SolutionConfigurationPlatforms) = preSolution
		Debug|Any CPU = Debug|Any CPU
		Release|Any CPU = Release|Any CPU
	EndGlobalSection
	GlobalSection(ProjectConfigurationPlatforms) = postSolution
		{534AA2B8-0CFF-4837-B889-E15D56B3DBC1}.Debug|Any CPU.ActiveCfg = Debug|Any CPU
		{534AA2B8-0CFF-4837-B889-E15D56B3DBC1}.Debug|Any CPU.Build.0 = Debug|Any CPU
		{534AA2B8-0CFF-4837-B889-E15D56B3DBC1}.Release|Any CPU.ActiveCfg = Release|Any CPU
		{534AA2B8-0CFF-4837-B889-E15D56B3DBC1}.Release|Any CPU.Build.0 = Release|Any CPU
		{D06BE337-33A8-439B-8C40-9469A36B78B3}.Debug|Any CPU.ActiveCfg = Debug|Any CPU
		{D06BE337-33A8-439B-8C40-9469A36B78B3}.Debug|Any CPU.Build.0 = Debug|Any CPU
		{D06BE337-33A8-439B-8C40-9469A36B78B3}.Release|Any CPU.ActiveCfg = Release|Any CPU
		{D06BE337-33A8-439B-8C40-9469A36B78B3}.Release|Any CPU.Build.0 = Release|Any CPU
	EndGlobalSection
	GlobalSection(SolutionProperties) = preSolution
		HideSolutionNode = FALSE
	EndGlobalSection
	GlobalSection(ExtensibilityGlobals) = postSolution
		SolutionGuid = {9FC1B3C5-5513-42D3-958F-D4016EA36019}
	EndGlobalSection
EndGlobal
